{
  "name": "scripts-v2",
  "version": "1.0.0",
  "lockfileVersion": 3,
  "requires": true,
  "packages": {
    "": {
      "name": "scripts-v2",
      "version": "1.0.0",
      "license": "ISC",
      "dependencies": {
        "@keycloak/keycloak-admin-client": "^26.1.4",
        "dotenv": "^16.4.7"
      }
    },
    "node_modules/@keycloak/keycloak-admin-client": {
      "version": "26.1.4",
      "resolved": "https://registry.npmjs.org/@keycloak/keycloak-admin-client/-/keycloak-admin-client-26.1.4.tgz",
      "integrity": "sha512-zJJM7uhtzUUD0Uf6Q2xhFrUqT+qvfj5WhBqTwKtO8k4jbxu4uNmk5qRDa8fnkk0sHyPzlD+d875H2Jora/W2gw==",
      "dependencies": {
        "camelize-ts": "^3.0.0",
        "url-join": "^5.0.0",
        "url-template": "^3.1.1"
      },
      "engines": {
        "node": ">=18"
      }
    },
    "node_modules/camelize-ts": {
      "version": "3.0.0",
      "resolved": "https://registry.npmjs.org/camelize-ts/-/camelize-ts-3.0.0.tgz",
      "integrity": "sha512-cgRwKKavoDKLTjO4FQTs3dRBePZp/2Y9Xpud0FhuCOTE86M2cniKN4CCXgRnsyXNMmQMifVHcv6SPaMtTx6ofQ==",
      "engines": {
        "node": "^12.20.0 || ^14.13.1 || >=16.0.0"
      }
    },
    "node_modules/dotenv": {
      "version": "16.4.7",
      "resolved": "https://registry.npmjs.org/dotenv/-/dotenv-16.4.7.tgz",
      "integrity": "sha512-47qPchRCykZC03FhkYAhrvwU4xDBFIj1QPqaarj6mdM/hgUzfPHcpkHJOn3mJAufFeeAxAzeGsr5X0M4k6fLZQ==",
      "engines": {
        "node": ">=12"
      },
      "funding": {
        "url": "https://dotenvx.com"
      }
    },
    "node_modules/url-join": {
      "version": "5.0.0",
      "resolved": "https://registry.npmjs.org/url-join/-/url-join-5.0.0.tgz",
      "integrity": "sha512-n2huDr9h9yzd6exQVnH/jU5mr+Pfx08LRXXZhkLLetAMESRj+anQsTAh940iMrIetKAmry9coFuZQ2jY8/p3WA==",
      "engines": {
        "node": "^12.20.0 || ^14.13.1 || >=16.0.0"
      }
    },
    "node_modules/url-template": {
      "version": "3.1.1",
      "resolved": "https://registry.npmjs.org/url-template/-/url-template-3.1.1.tgz",
      "integrity": "sha512-4oszoaEKE/mQOtAmdMWqIRHmkxWkUZMnXFnjQ5i01CuRSK3uluxcH1MRVVVWmhlnzT1SCDfKxxficm2G37qzCA==",
      "engines": {
        "node": "^12.20.0 || ^14.13.1 || >=16.0.0"
      }
    }
  }
}
