dependencies:
- name: etcd
  repository: https://charts.helm.sh/incubator
  version: 0.6.2
- name: zookeeper
  repository: https://charts.helm.sh/incubator
  version: 1.0.0
- name: consul
  repository: https://charts.helm.sh/stable
  version: 3.6.1
digest: sha256:f9ef1101460c219c9cef3c44b360d1c9d4b206f56eaa95fae98f95ca76a92781
generated: "2021-12-15T11:37:39.9090521-08:00"
